{
    "requires": true,
    "lockfileVersion": 1,
    "dependencies": {
        "angular-toastr": {
            "version": "2.1.1",
            "resolved": "https://registry.npmjs.org/angular-toastr/-/angular-toastr-2.1.1.tgz",
            "integrity": "sha1-n4NQykghRaRNARp1W4+zYj1gVEw="
        }
    }
}
